
Microsoft Visual Studio Solution File, Format Version 12.00
# Visual Studio Version 17
VisualStudioVersion = 17.11.35327.3
MinimumVisualStudioVersion = 10.0.40219.1
Project("{FAE04EC0-301F-11D3-BF4B-00C04F79EFBC}") = "lab7", "lab7.csproj", "{BCA25DEE-6327-49F0-BA81-5CF86189708B}"
EndProject
Global
	GlobalSection(SolutionConfigurationPlatforms) = preSolution
		Debug|Any CPU = Debug|Any CPU
		Release|Any CPU = Release|Any CPU
	EndGlobalSection
	GlobalSection(ProjectConfigurationPlatforms) = postSolution
		{BCA25DEE-6327-49F0-BA81-5CF86189708B}.Debug|Any CPU.ActiveCfg = Debug|Any CPU
		{BCA25DEE-6327-49F0-BA81-5CF86189708B}.Debug|Any CPU.Build.0 = Debug|Any CPU
		{BCA25DEE-6327-49F0-BA81-5CF86189708B}.Release|Any CPU.ActiveCfg = Release|Any CPU
		{BCA25DEE-6327-49F0-BA81-5CF86189708B}.Release|Any CPU.Build.0 = Release|Any CPU
	EndGlobalSection
	GlobalSection(SolutionProperties) = preSolution
		HideSolutionNode = FALSE
	EndGlobalSection
	GlobalSection(ExtensibilityGlobals) = postSolution
		SolutionGuid = {D13ED41D-876C-4B52-A4D7-111B1DEF4AAA}
	EndGlobalSection
EndGlobal
